# This is a Gradle generated file for dependency locking.
# Manual edits can break the build and are not advised.
# This file is expected to be part of source control.
bundledModule:intellij-platform-test-runtime:IU-261.26222.65=intellijPlatformTestRuntimeFixClasspath
bundledPlugin:com.intellij.java:IU-261.26222.65=compileClasspath,intellijPlatformBundledPlugins,intellijPlatformDependencies,intellijPlatformTestBundledPlugins,intellijPlatformTestClasspath,intellijPlatformTestDependencies,testCompileClasspath
com.fasterxml.jackson.core:jackson-annotations:2.19.0=intellijPlatformTestClasspath,intellijPlatformTestDependencies,testCompileClasspath
com.fasterxml.jackson.core:jackson-core:2.19.0=intellijPlatformTestClasspath,intellijPlatformTestDependencies,testCompileClasspath
com.fasterxml.jackson.core:jackson-databind:2.19.0=intellijPlatformTestClasspath,intellijPlatformTestDependencies,testCompileClasspath
com.fasterxml.jackson.module:jackson-module-kotlin:2.19.0=intellijPlatformTestClasspath,intellijPlatformTestDependencies,testCompileClasspath
com.fasterxml.jackson:jackson-bom:2.19.0=intellijPlatformTestClasspath,intellijPlatformTestDependencies,testCompileClasspath
com.google.code.findbugs:jsr305:3.0.2=checkstyle
com.google.errorprone:error_prone_annotations:2.47.0=checkstyle
com.google.guava:failureaccess:1.0.3=checkstyle
com.google.guava:guava:33.6.0-jre=checkstyle
com.google.guava:listenablefuture:9999.0-empty-to-avoid-conflict-with-guava=checkstyle
com.google.j2objc:j2objc-annotations:3.1=checkstyle
com.jetbrains.intellij.java:java-compiler-ant-tasks:261.26222.65=intellijPlatformJavaCompiler
com.jetbrains.intellij.java:java-compiler-instrumentation-util-java8:261.26222.65=intellijPlatformJavaCompiler
com.jetbrains.intellij.java:java-compiler-instrumentation-util:261.26222.65=intellijPlatformJavaCompiler
com.jetbrains.intellij.java:java-gui-forms-compiler:261.26222.65=intellijPlatformJavaCompiler
com.jetbrains.intellij.java:java-gui-forms-rt:261.26222.65=intellijPlatformJavaCompiler
com.jetbrains.intellij.platform:core-nio-fs:261.26222.65=intellijPlatformTestClasspath,intellijPlatformTestDependencies
com.jetbrains.intellij.platform:test-framework-common:261.26222.65=intellijPlatformTestClasspath,intellijPlatformTestDependencies,testCompileClasspath
com.jetbrains.intellij.platform:test-framework-core:261.26222.65=intellijPlatformTestClasspath,intellijPlatformTestDependencies,testCompileClasspath
com.jetbrains.intellij.platform:test-framework-team-city:261.26222.65=intellijPlatformTestClasspath,intellijPlatformTestDependencies
com.jetbrains.intellij.platform:test-framework:261.26222.65=intellijPlatformTestClasspath,intellijPlatformTestDependencies,testCompileClasspath
com.jetbrains.intellij.platform:todo:261.26222.65=intellijPlatformTestClasspath,intellijPlatformTestDependencies
com.jetbrains.intellij.platform:util-jdom:261.26222.65=intellijPlatformJavaCompiler
com.jetbrains.intellij.tools:tests-bootstrap:261.26222.65=intellijPlatformTestClasspath,intellijPlatformTestDependencies
com.jgoodies:forms:1.1-preview=intellijPlatformJavaCompiler
com.puppycrawl.tools:checkstyle:13.10.0=checkstyle
commons-beanutils:commons-beanutils:1.11.0=checkstyle
commons-codec:commons-codec:1.11=checkstyle
commons-collections:commons-collections:3.2.2=checkstyle
idea:idea:2026.1=intellijPluginVerifierIdesDependency
idea:idea:2026.1.4=compileClasspath,intellijPlatformClasspath,intellijPlatformDependency,intellijPlatformDependencyArchive,intellijPlatformTestClasspath,testCompileClasspath
info.picocli:picocli:4.7.7=checkstyle
jaxen:jaxen:1.2.0=intellijPlatformJavaCompiler
junit:junit:4.13.2=intellijPlatformTestRuntimeClasspath,testCompileClasspath,testRuntimeClasspath
net.sf.saxon:Saxon-HE:12.9=checkstyle
one.util:streamex:0.8.4=intellijPlatformTestClasspath,intellijPlatformTestDependencies
org.antlr:antlr4-runtime:4.13.2=checkstyle
org.apache.commons:commons-lang3:3.8.1=checkstyle
org.apache.commons:commons-text:1.3=checkstyle
org.apache.httpcomponents:httpclient:4.5.13=checkstyle
org.apache.httpcomponents:httpclient:4.5.14=intellijPlatformTestClasspath,intellijPlatformTestDependencies,testCompileClasspath
org.apache.httpcomponents:httpcore:4.4.14=checkstyle
org.apache.httpcomponents:httpcore:4.4.16=intellijPlatformTestClasspath,intellijPlatformTestDependencies,testCompileClasspath
org.apache.httpcomponents:httpmime:4.5.14=intellijPlatformTestClasspath,intellijPlatformTestDependencies,testCompileClasspath
org.apache.maven.doxia:doxia-core:1.12.0=checkstyle
org.apache.maven.doxia:doxia-logging-api:1.12.0=checkstyle
org.apache.maven.doxia:doxia-module-xdoc:1.12.0=checkstyle
org.apache.maven.doxia:doxia-sink-api:1.12.0=checkstyle
org.apache.xbean:xbean-reflect:3.7=checkstyle
org.assertj:assertj-core:4.0.0-M1=intellijPlatformTestClasspath,intellijPlatformTestDependencies
org.codehaus.plexus:plexus-classworlds:2.6.0=checkstyle
org.codehaus.plexus:plexus-component-annotations:2.1.0=checkstyle
org.codehaus.plexus:plexus-container-default:2.1.0=checkstyle
org.codehaus.plexus:plexus-utils:3.3.0=checkstyle
org.hamcrest:hamcrest-core:1.3=intellijPlatformTestRuntimeClasspath,testCompileClasspath,testRuntimeClasspath
org.hamcrest:hamcrest:2.2=intellijPlatformTestClasspath,intellijPlatformTestDependencies
org.jacoco:org.jacoco.agent:0.8.15=jacocoAgent,jacocoAnt
org.jacoco:org.jacoco.ant:0.8.15=jacocoAnt
org.jacoco:org.jacoco.core:0.8.15=jacocoAnt
org.jacoco:org.jacoco.report:0.8.15=jacocoAnt
org.javassist:javassist:3.28.0-GA=checkstyle
org.jetbrains.compose.hot-reload:hot-reload-agent:1.1.0-alpha03=composeHotReloadAgent
org.jetbrains.intellij.deps:asm-all:9.6.1=intellijPlatformJavaCompiler
org.jetbrains.intellij.plugins:verifier-cli:1.409=intellijPluginVerifier
org.jetbrains.kotlinx:kotlinx-collections-immutable-jvm:0.4.0=intellijPlatformTestClasspath,intellijPlatformTestDependencies,testCompileClasspath
org.jetbrains.kotlinx:kotlinx-serialization-core-jvm:1.9.0=intellijPlatformTestClasspath,intellijPlatformTestDependencies
org.jetbrains.runtime:jbr-api:1.9.0=intellijPlatformTestClasspath,intellijPlatformTestDependencies,testCompileClasspath
org.jetbrains:annotations:26.0.2=intellijPlatformJavaCompiler,intellijPlatformTestClasspath,intellijPlatformTestDependencies
org.jetbrains:marketplace-zip-signer:0.1.43=marketplaceZipSigner
org.jspecify:jspecify:1.0.0=checkstyle
org.junit.jupiter:junit-jupiter-api:5.13.4=intellijPlatformTestClasspath,intellijPlatformTestDependencies
org.junit.jupiter:junit-jupiter-engine:5.13.4=intellijPlatformTestClasspath,intellijPlatformTestDependencies
org.junit.platform:junit-platform-commons:1.13.4=intellijPlatformTestClasspath,intellijPlatformTestDependencies
org.junit.platform:junit-platform-engine:1.13.4=intellijPlatformTestClasspath,intellijPlatformTestDependencies
org.junit.platform:junit-platform-launcher:1.13.4=intellijPlatformTestClasspath,intellijPlatformTestDependencies
org.junit.vintage:junit-vintage-engine:5.13.4=intellijPlatformTestClasspath,intellijPlatformTestDependencies
org.junit:junit-bom:5.13.4=intellijPlatformTestClasspath,intellijPlatformTestDependencies
org.opentest4j:opentest4j:1.3.0=intellijPlatformTestClasspath,intellijPlatformTestDependencies
org.ow2.asm:asm-analysis:9.8=intellijPlatformTestClasspath,intellijPlatformTestDependencies
org.ow2.asm:asm-commons:9.10.1=jacocoAnt
org.ow2.asm:asm-tree:9.10.1=jacocoAnt
org.ow2.asm:asm-tree:9.8=intellijPlatformTestClasspath,intellijPlatformTestDependencies
org.ow2.asm:asm:9.10.1=jacocoAnt
org.ow2.asm:asm:9.8=intellijPlatformTestClasspath,intellijPlatformTestDependencies
org.reflections:reflections:0.10.2=checkstyle
org.slf4j:slf4j-simple:2.0.18=checkstyle
org.xmlresolver:xmlresolver:5.3.3=checkstyle
empty=annotationProcessor,intellijPlatformBackendPluginModuleDependencies,intellijPlatformBundledModules,intellijPlatformComposedJar,intellijPlatformFrontendPluginModuleDependencies,intellijPlatformLocal,intellijPlatformPlugin,intellijPlatformPluginComposedModule,intellijPlatformPluginDependency,intellijPlatformPluginLocal,intellijPlatformPluginModule,intellijPlatformPluginModuleDependencies,intellijPlatformRuntimeClasspath,intellijPlatformTestBundledModules,intellijPlatformTestPlugin,intellijPlatformTestPluginDependency,intellijPlatformTestPluginLocal,intellijPluginVerifierIdesLocalInstance,jetbrainsRuntime,jetbrainsRuntimeDependency,jetbrainsRuntimeLocalInstance,runtimeClasspath,testAnnotationProcessor
