# This is a Gradle generated file for dependency locking.
# Manual edits can break the build and are not advised.
# This file is expected to be part of source control.
# To regenerate this file, run: ./gradlew :dependencies --write-locks
bundledModule:intellij-platform-test-runtime:IU-252.28539.54=intellijPlatformTestRuntimeFixClasspath
bundledModule:intellij.charts:IU-252.28539.54=compileClasspath,intellijPlatformBundledPlugins,intellijPlatformDependencies,intellijPlatformTestBundledPlugins,intellijPlatformTestClasspath,intellijPlatformTestDependencies,testCompileClasspath
bundledModule:intellij.grid.charts.impl:IU-252.28539.54=compileClasspath,intellijPlatformBundledPlugins,intellijPlatformDependencies,intellijPlatformTestBundledPlugins,intellijPlatformTestClasspath,intellijPlatformTestDependencies,testCompileClasspath
bundledModule:intellij.grid.core.impl:IU-252.28539.54=compileClasspath,intellijPlatformBundledPlugins,intellijPlatformDependencies,intellijPlatformTestBundledPlugins,intellijPlatformTestClasspath,intellijPlatformTestDependencies,testCompileClasspath
bundledModule:intellij.grid.csv.core.impl:IU-252.28539.54=compileClasspath,intellijPlatformBundledPlugins,intellijPlatformDependencies,intellijPlatformTestBundledPlugins,intellijPlatformTestClasspath,intellijPlatformTestDependencies,testCompileClasspath
bundledModule:intellij.grid.impl:IU-252.28539.54=compileClasspath,intellijPlatformBundledPlugins,intellijPlatformDependencies,intellijPlatformTestBundledPlugins,intellijPlatformTestClasspath,intellijPlatformTestDependencies,testCompileClasspath
bundledModule:intellij.grid.scripting.impl:IU-252.28539.54=compileClasspath,intellijPlatformBundledPlugins,intellijPlatformDependencies,intellijPlatformTestBundledPlugins,intellijPlatformTestClasspath,intellijPlatformTestDependencies,testCompileClasspath
bundledModule:intellij.grid.scripting.rt:IU-252.28539.54=compileClasspath,intellijPlatformBundledPlugins,intellijPlatformDependencies,intellijPlatformTestBundledPlugins,intellijPlatformTestClasspath,intellijPlatformTestDependencies,testCompileClasspath
bundledModule:intellij.grid.types:IU-252.28539.54=compileClasspath,intellijPlatformBundledPlugins,intellijPlatformDependencies,intellijPlatformTestBundledPlugins,intellijPlatformTestClasspath,intellijPlatformTestDependencies,testCompileClasspath
bundledModule:intellij.grid:IU-252.28539.54=compileClasspath,intellijPlatformBundledPlugins,intellijPlatformDependencies,intellijPlatformTestBundledPlugins,intellijPlatformTestClasspath,intellijPlatformTestDependencies,testCompileClasspath
bundledModule:intellij.java.unscramble:IU-252.28539.54=compileClasspath,intellijPlatformBundledPlugins,intellijPlatformDependencies,intellijPlatformTestBundledPlugins,intellijPlatformTestClasspath,intellijPlatformTestDependencies,testCompileClasspath
bundledModule:intellij.json.backend:IU-252.28539.54=compileClasspath,intellijPlatformBundledPlugins,intellijPlatformDependencies,intellijPlatformTestBundledPlugins,intellijPlatformTestClasspath,intellijPlatformTestDependencies,testCompileClasspath
bundledModule:intellij.libraries.ai.grazie.spell.gec.engine.local:IU-252.28539.54=compileClasspath,intellijPlatformBundledPlugins,intellijPlatformDependencies,intellijPlatformTestBundledPlugins,intellijPlatformTestClasspath,intellijPlatformTestDependencies,testCompileClasspath
bundledModule:intellij.libraries.lucene.common:IU-252.28539.54=compileClasspath,intellijPlatformBundledPlugins,intellijPlatformDependencies,intellijPlatformTestBundledPlugins,intellijPlatformTestClasspath,intellijPlatformTestDependencies,testCompileClasspath
bundledModule:intellij.libraries.microba:IU-252.28539.54=compileClasspath,intellijPlatformBundledPlugins,intellijPlatformDependencies,intellijPlatformTestBundledPlugins,intellijPlatformTestClasspath,intellijPlatformTestDependencies,testCompileClasspath
bundledModule:intellij.platform.backend:IU-252.28539.54=compileClasspath,intellijPlatformBundledPlugins,intellijPlatformDependencies,intellijPlatformTestBundledPlugins,intellijPlatformTestClasspath,intellijPlatformTestDependencies,testCompileClasspath
bundledModule:intellij.platform.collaborationTools:IU-252.28539.54=compileClasspath,intellijPlatformBundledPlugins,intellijPlatformDependencies,intellijPlatformTestBundledPlugins,intellijPlatformTestClasspath,intellijPlatformTestDependencies,testCompileClasspath
bundledModule:intellij.platform.kernel.backend:IU-252.28539.54=compileClasspath,intellijPlatformBundledPlugins,intellijPlatformDependencies,intellijPlatformTestBundledPlugins,intellijPlatformTestClasspath,intellijPlatformTestDependencies,testCompileClasspath
bundledModule:intellij.platform.kernel.impl:IU-252.28539.54=compileClasspath,intellijPlatformBundledPlugins,intellijPlatformDependencies,intellijPlatformTestBundledPlugins,intellijPlatformTestClasspath,intellijPlatformTestDependencies,testCompileClasspath
bundledModule:intellij.platform.ml.impl:IU-252.28539.54=compileClasspath,intellijPlatformBundledPlugins,intellijPlatformDependencies,intellijPlatformTestBundledPlugins,intellijPlatformTestClasspath,intellijPlatformTestDependencies,testCompileClasspath
bundledModule:intellij.platform.navbar.frontend:IU-252.28539.54=compileClasspath,intellijPlatformBundledPlugins,intellijPlatformDependencies,intellijPlatformTestBundledPlugins,intellijPlatformTestClasspath,intellijPlatformTestDependencies,testCompileClasspath
bundledModule:intellij.platform.navbar:IU-252.28539.54=compileClasspath,intellijPlatformBundledPlugins,intellijPlatformDependencies,intellijPlatformTestBundledPlugins,intellijPlatformTestClasspath,intellijPlatformTestDependencies,testCompileClasspath
bundledModule:intellij.platform.rpc.backend:IU-252.28539.54=compileClasspath,intellijPlatformBundledPlugins,intellijPlatformDependencies,intellijPlatformTestBundledPlugins,intellijPlatformTestClasspath,intellijPlatformTestDependencies,testCompileClasspath
bundledModule:intellij.platform.vcs.dvcs.impl.shared:IU-252.28539.54=compileClasspath,intellijPlatformBundledPlugins,intellijPlatformDependencies,intellijPlatformTestBundledPlugins,intellijPlatformTestClasspath,intellijPlatformTestDependencies,testCompileClasspath
bundledModule:intellij.platform.vcs.dvcs.impl:IU-252.28539.54=compileClasspath,intellijPlatformBundledPlugins,intellijPlatformDependencies,intellijPlatformTestBundledPlugins,intellijPlatformTestClasspath,intellijPlatformTestDependencies,testCompileClasspath
bundledModule:intellij.platform.vcs.impl.backend:IU-252.28539.54=compileClasspath,intellijPlatformBundledPlugins,intellijPlatformDependencies,intellijPlatformTestBundledPlugins,intellijPlatformTestClasspath,intellijPlatformTestDependencies,testCompileClasspath
bundledModule:intellij.platform.vcs.impl.lang:IU-252.28539.54=compileClasspath,intellijPlatformBundledPlugins,intellijPlatformDependencies,intellijPlatformTestBundledPlugins,intellijPlatformTestClasspath,intellijPlatformTestDependencies,testCompileClasspath
bundledModule:intellij.platform.vcs.impl.shared:IU-252.28539.54=compileClasspath,intellijPlatformBundledPlugins,intellijPlatformDependencies,intellijPlatformTestBundledPlugins,intellijPlatformTestClasspath,intellijPlatformTestDependencies,testCompileClasspath
bundledModule:intellij.platform.vcs.impl:IU-252.28539.54=compileClasspath,intellijPlatformBundledPlugins,intellijPlatformDependencies,intellijPlatformTestBundledPlugins,intellijPlatformTestClasspath,intellijPlatformTestDependencies,testCompileClasspath
bundledModule:intellij.platform.vcs.log.impl:IU-252.28539.54=compileClasspath,intellijPlatformBundledPlugins,intellijPlatformDependencies,intellijPlatformTestBundledPlugins,intellijPlatformTestClasspath,intellijPlatformTestDependencies,testCompileClasspath
bundledModule:intellij.properties.backend.psi:IU-252.28539.54=compileClasspath,intellijPlatformBundledPlugins,intellijPlatformDependencies,intellijPlatformTestBundledPlugins,intellijPlatformTestClasspath,intellijPlatformTestDependencies,testCompileClasspath
bundledModule:intellij.properties.backend:IU-252.28539.54=compileClasspath,intellijPlatformBundledPlugins,intellijPlatformDependencies,intellijPlatformTestBundledPlugins,intellijPlatformTestClasspath,intellijPlatformTestDependencies,testCompileClasspath
bundledModule:intellij.spellchecker:IU-252.28539.54=compileClasspath,intellijPlatformBundledPlugins,intellijPlatformDependencies,intellijPlatformTestBundledPlugins,intellijPlatformTestClasspath,intellijPlatformTestDependencies,testCompileClasspath
bundledPlugin:com.intellij.database:IU-252.28539.54=compileClasspath,intellijPlatformBundledPlugins,intellijPlatformDependencies,intellijPlatformTestBundledPlugins,intellijPlatformTestClasspath,intellijPlatformTestDependencies,testCompileClasspath
bundledPlugin:com.intellij.java-i18n:IU-252.28539.54=compileClasspath,intellijPlatformBundledPlugins,intellijPlatformDependencies,intellijPlatformTestBundledPlugins,intellijPlatformTestClasspath,intellijPlatformTestDependencies,testCompileClasspath
bundledPlugin:com.intellij.java:IU-252.28539.54=compileClasspath,intellijPlatformBundledPlugins,intellijPlatformDependencies,intellijPlatformTestBundledPlugins,intellijPlatformTestClasspath,intellijPlatformTestDependencies,testCompileClasspath
bundledPlugin:com.intellij.microservices.jvm:IU-252.28539.54=compileClasspath,intellijPlatformBundledPlugins,intellijPlatformDependencies,intellijPlatformTestBundledPlugins,intellijPlatformTestClasspath,intellijPlatformTestDependencies,testCompileClasspath
bundledPlugin:com.intellij.modules.json:IU-252.28539.54=compileClasspath,intellijPlatformBundledPlugins,intellijPlatformDependencies,intellijPlatformTestBundledPlugins,intellijPlatformTestClasspath,intellijPlatformTestDependencies,testCompileClasspath
bundledPlugin:com.intellij.modules.ultimate:IU-252.28539.54=compileClasspath,intellijPlatformBundledPlugins,intellijPlatformDependencies,intellijPlatformTestBundledPlugins,intellijPlatformTestClasspath,intellijPlatformTestDependencies,testCompileClasspath
bundledPlugin:com.intellij.platform.images:IU-252.28539.54=compileClasspath,intellijPlatformBundledPlugins,intellijPlatformDependencies,intellijPlatformTestBundledPlugins,intellijPlatformTestClasspath,intellijPlatformTestDependencies,testCompileClasspath
bundledPlugin:com.intellij.properties:IU-252.28539.54=compileClasspath,intellijPlatformBundledPlugins,intellijPlatformDependencies,intellijPlatformTestBundledPlugins,intellijPlatformTestClasspath,intellijPlatformTestDependencies,testCompileClasspath
bundledPlugin:com.intellij.spring:IU-252.28539.54=compileClasspath,intellijPlatformBundledPlugins,intellijPlatformDependencies,intellijPlatformTestBundledPlugins,intellijPlatformTestClasspath,intellijPlatformTestDependencies,testCompileClasspath
bundledPlugin:intellij.grid.plugin:IU-252.28539.54=compileClasspath,intellijPlatformBundledPlugins,intellijPlatformDependencies,intellijPlatformTestBundledPlugins,intellijPlatformTestClasspath,intellijPlatformTestDependencies,testCompileClasspath
bundledPlugin:org.jetbrains.kotlin:IU-252.28539.54=compileClasspath,intellijPlatformBundledPlugins,intellijPlatformDependencies,intellijPlatformTestBundledPlugins,intellijPlatformTestClasspath,intellijPlatformTestDependencies,testCompileClasspath
bundledPlugin:org.jetbrains.plugins.yaml:IU-252.28539.54=compileClasspath,intellijPlatformBundledPlugins,intellijPlatformDependencies,intellijPlatformTestBundledPlugins,intellijPlatformTestClasspath,intellijPlatformTestDependencies,testCompileClasspath
com.fasterxml.jackson.core:jackson-annotations:2.19.0=intellijPlatformTestClasspath,intellijPlatformTestDependencies
com.fasterxml.jackson.core:jackson-core:2.19.0=intellijPlatformTestClasspath,intellijPlatformTestDependencies
com.fasterxml.jackson.core:jackson-databind:2.19.0=intellijPlatformTestClasspath,intellijPlatformTestDependencies
com.fasterxml.jackson.module:jackson-module-kotlin:2.19.0=intellijPlatformTestClasspath,intellijPlatformTestDependencies
com.fasterxml.jackson:jackson-bom:2.19.0=intellijPlatformTestClasspath,intellijPlatformTestDependencies
com.google.code.findbugs:jsr305:3.0.2=checkstyle
com.google.errorprone:error_prone_annotations:2.47.0=checkstyle
com.google.guava:failureaccess:1.0.3=checkstyle
com.google.guava:guava:33.6.0-jre=checkstyle
com.google.guava:listenablefuture:9999.0-empty-to-avoid-conflict-with-guava=checkstyle
com.google.j2objc:j2objc-annotations:3.1=checkstyle
com.h2database:h2:2.4.240=intellijPlatformTestRuntimeClasspath,testCompileClasspath,testRuntimeClasspath
com.jetbrains.intellij.java:java-compiler-ant-tasks:252.28539.54=intellijPlatformJavaCompiler
com.jetbrains.intellij.java:java-compiler-instrumentation-util-java8:252.28539.54=intellijPlatformJavaCompiler
com.jetbrains.intellij.java:java-compiler-instrumentation-util:252.28539.54=intellijPlatformJavaCompiler
com.jetbrains.intellij.java:java-gui-forms-compiler:252.28539.54=intellijPlatformJavaCompiler
com.jetbrains.intellij.java:java-gui-forms-rt:252.28539.54=intellijPlatformJavaCompiler
com.jetbrains.intellij.platform:test-framework-common:252.28539.54=intellijPlatformTestClasspath,intellijPlatformTestDependencies,testCompileClasspath
com.jetbrains.intellij.platform:test-framework-core:252.28539.54=intellijPlatformTestClasspath,intellijPlatformTestDependencies,testCompileClasspath
com.jetbrains.intellij.platform:test-framework-team-city:252.28539.54=intellijPlatformTestClasspath,intellijPlatformTestDependencies
com.jetbrains.intellij.platform:test-framework:252.28539.54=intellijPlatformTestClasspath,intellijPlatformTestDependencies,testCompileClasspath
com.jetbrains.intellij.platform:util-jdom:252.28539.54=intellijPlatformJavaCompiler
com.jetbrains.intellij.tools:tests-bootstrap:252.28539.54=intellijPlatformTestClasspath,intellijPlatformTestDependencies
com.jetbrains:jbr-api:1.5.0=intellijPlatformTestClasspath,intellijPlatformTestDependencies
com.jgoodies:forms:1.1-preview=intellijPlatformJavaCompiler
com.puppycrawl.tools:checkstyle:13.10.0=checkstyle
commons-beanutils:commons-beanutils:1.11.0=checkstyle
commons-codec:commons-codec:1.11=checkstyle
commons-collections:commons-collections:3.2.2=checkstyle
idea:ideaIU:2025.2.6.2=compileClasspath,intellijPlatformClasspath,intellijPlatformDependency,intellijPlatformDependencyArchive,intellijPlatformTestClasspath,intellijPluginVerifierIdesDependency,testCompileClasspath
info.picocli:picocli:4.7.7=checkstyle
jaxen:jaxen:1.2.0=intellijPlatformJavaCompiler
junit:junit:4.13.2=intellijPlatformTestRuntimeClasspath,testCompileClasspath,testRuntimeClasspath
net.bytebuddy:byte-buddy:1.15.11=intellijPlatformTestClasspath,intellijPlatformTestDependencies
net.sf.saxon:Saxon-HE:12.9=checkstyle
org.antlr:antlr4-runtime:4.13.2=checkstyle
org.apache.commons:commons-lang3:3.8.1=checkstyle
org.apache.commons:commons-text:1.3=checkstyle
org.apache.httpcomponents:httpclient:4.5.13=checkstyle
org.apache.httpcomponents:httpclient:4.5.14=intellijPlatformTestClasspath,intellijPlatformTestDependencies
org.apache.httpcomponents:httpcore:4.4.14=checkstyle
org.apache.httpcomponents:httpcore:4.4.16=intellijPlatformTestClasspath,intellijPlatformTestDependencies
org.apache.httpcomponents:httpmime:4.5.14=intellijPlatformTestClasspath,intellijPlatformTestDependencies
org.apache.maven.doxia:doxia-core:1.12.0=checkstyle
org.apache.maven.doxia:doxia-logging-api:1.12.0=checkstyle
org.apache.maven.doxia:doxia-module-xdoc:1.12.0=checkstyle
org.apache.maven.doxia:doxia-sink-api:1.12.0=checkstyle
org.apache.xbean:xbean-reflect:3.7=checkstyle
org.assertj:assertj-core:3.27.3=intellijPlatformTestClasspath,intellijPlatformTestDependencies
org.codehaus.plexus:plexus-classworlds:2.6.0=checkstyle
org.codehaus.plexus:plexus-component-annotations:2.1.0=checkstyle
org.codehaus.plexus:plexus-container-default:2.1.0=checkstyle
org.codehaus.plexus:plexus-utils:3.3.0=checkstyle
org.hamcrest:hamcrest-core:1.3=intellijPlatformTestRuntimeClasspath,testCompileClasspath,testRuntimeClasspath
org.jacoco:org.jacoco.agent:0.8.15=jacocoAgent,jacocoAnt
org.jacoco:org.jacoco.ant:0.8.15=jacocoAnt
org.jacoco:org.jacoco.core:0.8.15=jacocoAnt
org.jacoco:org.jacoco.report:0.8.15=jacocoAnt
org.javassist:javassist:3.28.0-GA=checkstyle
org.jetbrains.compose.hot-reload:hot-reload-agent:1.1.0-alpha03=composeHotReloadAgent
org.jetbrains.intellij.deps:asm-all:9.6.1=intellijPlatformJavaCompiler
org.jetbrains.intellij.plugins:verifier-cli:1.409=intellijPluginVerifier
org.jetbrains.kotlinx:kotlinx-collections-immutable-jvm:0.4.0=intellijPlatformTestClasspath,intellijPlatformTestDependencies
org.jetbrains:annotations:26.0.2=intellijPlatformJavaCompiler,intellijPlatformTestClasspath,intellijPlatformTestDependencies
org.jetbrains:marketplace-zip-signer:0.1.43=marketplaceZipSigner
org.jspecify:jspecify:1.0.0=checkstyle
org.opentest4j:opentest4j:1.3.0=intellijPlatformTestClasspath,intellijPlatformTestDependencies
org.ow2.asm:asm-commons:9.10.1=jacocoAnt
org.ow2.asm:asm-tree:9.10.1=jacocoAnt
org.ow2.asm:asm:9.10.1=jacocoAnt
org.reflections:reflections:0.10.2=checkstyle
org.slf4j:slf4j-simple:2.0.18=checkstyle
org.xmlresolver:xmlresolver:5.3.3=checkstyle
empty=annotationProcessor,cyclonedxBom,intellijPlatformBackendPluginModuleDependencies,intellijPlatformBundledModules,intellijPlatformComposedJar,intellijPlatformFrontendPluginModuleDependencies,intellijPlatformLocal,intellijPlatformPlugin,intellijPlatformPluginComposedModule,intellijPlatformPluginDependency,intellijPlatformPluginLocal,intellijPlatformPluginModule,intellijPlatformPluginModuleDependencies,intellijPlatformRuntimeClasspath,intellijPlatformTestBundledModules,intellijPlatformTestPlugin,intellijPlatformTestPluginDependency,intellijPlatformTestPluginLocal,intellijPluginVerifierIdesLocalInstance,jetbrainsRuntime,jetbrainsRuntimeDependency,jetbrainsRuntimeLocalInstance,runtimeClasspath,testAnnotationProcessor
